
Microsoft Visual Studio Solution File, Format Version 12.00
# Visual Studio Version 17
VisualStudioVersion = 17.5.002.0
MinimumVisualStudioVersion = 10.0.40219.1
Project("{9A19103F-16F7-4668-BE54-9A1E7A4F7556}") = "Hello.NET-core-", "Hello.NET-core-.csproj", "{C0CD8BF7-D0CC-4798-A392-EF7C043EE641}"
EndProject
Global
	GlobalSection(SolutionConfigurationPlatforms) = preSolution
		Debug|Any CPU = Debug|Any CPU
		Release|Any CPU = Release|Any CPU
	EndGlobalSection
	GlobalSection(ProjectConfigurationPlatforms) = postSolution
		{C0CD8BF7-D0CC-4798-A392-EF7C043EE641}.Debug|Any CPU.ActiveCfg = Debug|Any CPU
		{C0CD8BF7-D0CC-4798-A392-EF7C043EE641}.Debug|Any CPU.Build.0 = Debug|Any CPU
		{C0CD8BF7-D0CC-4798-A392-EF7C043EE641}.Release|Any CPU.ActiveCfg = Release|Any CPU
		{C0CD8BF7-D0CC-4798-A392-EF7C043EE641}.Release|Any CPU.Build.0 = Release|Any CPU
	EndGlobalSection
	GlobalSection(SolutionProperties) = preSolution
		HideSolutionNode = FALSE
	EndGlobalSection
	GlobalSection(ExtensibilityGlobals) = postSolution
		SolutionGuid = {75FB9FBC-2FAC-4235-BD9A-7511F0C1C543}
	EndGlobalSection
EndGlobal
